
Microsoft Visual Studio Solution File, Format Version 12.00
# Visual Studio Version 17
VisualStudioVersion = 17.9.34622.214
MinimumVisualStudioVersion = 10.0.40219.1
Project("{FAE04EC0-301F-11D3-BF4B-00C04F79EFBC}") = "DNC1921_Ass03_MyPaint", "DNC1921_Ass03_MyPaint\DNC1921_Ass03_MyPaint.csproj", "{27A85AAA-6659-4BC2-8AFB-4F9DE654BE37}"
EndProject
Global
	GlobalSection(SolutionConfigurationPlatforms) = preSolution
		Debug|Any CPU = Debug|Any CPU
		Release|Any CPU = Release|Any CPU
	EndGlobalSection
	GlobalSection(ProjectConfigurationPlatforms) = postSolution
		{27A85AAA-6659-4BC2-8AFB-4F9DE654BE37}.Debug|Any CPU.ActiveCfg = Debug|Any CPU
		{27A85AAA-6659-4BC2-8AFB-4F9DE654BE37}.Debug|Any CPU.Build.0 = Debug|Any CPU
		{27A85AAA-6659-4BC2-8AFB-4F9DE654BE37}.Release|Any CPU.ActiveCfg = Release|Any CPU
		{27A85AAA-6659-4BC2-8AFB-4F9DE654BE37}.Release|Any CPU.Build.0 = Release|Any CPU
	EndGlobalSection
	GlobalSection(SolutionProperties) = preSolution
		HideSolutionNode = FALSE
	EndGlobalSection
	GlobalSection(ExtensibilityGlobals) = postSolution
		SolutionGuid = {A22E5102-33D4-40A0-801E-496AEF903FC5}
	EndGlobalSection
EndGlobal
